PODS:
  - cronet_flutter (0.0.1):
    - Flutter
  - Flutter (1.0.0)

DEPENDENCIES:
  - cronet_flutter (from `.symlinks/plugins/cronet_flutter/ios`)
  - Flutter (from `Flutter`)

EXTERNAL SOURCES:
  cronet_flutter:
    :path: ".symlinks/plugins/cronet_flutter/ios"
  Flutter:
    :path: Flutter

SPEC CHECKSUMS:
  cronet_flutter: a0d53921f6c9c76d31af4d3a63fd8982be7de700
  Flutter: 434fef37c0980e73bb6479ef766c45957d4b510c

PODFILE CHECKSUM: c828106a054d27aae8b2872e20bfd100c5f77425

COCOAPODS: 1.10.1
