PODS:
  - cronet_flutter (0.0.1):
    - Flutter
  - Flutter (1.0.0)

DEPENDENCIES:
  - cronet_flutter (from `.symlinks/plugins/cronet_flutter/ios`)
  - Flutter (from `Flutter`)

EXTERNAL SOURCES:
  cronet_flutter:
    :path: ".symlinks/plugins/cronet_flutter/ios"
  Flutter:
    :path: Flutter

SPEC CHECKSUMS:
  cronet_flutter: 964fe8782214ebb075333812f5e6fb88b3449f22
  Flutter: 434fef37c0980e73bb6479ef766c45957d4b510c

PODFILE CHECKSUM: aafe91acc616949ddb318b77800a7f51bffa2a4c

COCOAPODS: 1.10.1
