PODS:
  - cronet_flutter (0.0.1):
    - FlutterMacOS
  - FlutterMacOS (1.0.0)

DEPENDENCIES:
  - cronet_flutter (from `Flutter/ephemeral/.symlinks/plugins/cronet_flutter/macos`)
  - FlutterMacOS (from `Flutter/ephemeral`)

EXTERNAL SOURCES:
  cronet_flutter:
    :path: Flutter/ephemeral/.symlinks/plugins/cronet_flutter/macos
  FlutterMacOS:
    :path: Flutter/ephemeral

SPEC CHECKSUMS:
  cronet_flutter: 5f44fe5f6eeec93a62cf5fd947ba1bdac6e47445
  FlutterMacOS: 57701585bf7de1b3fc2bb61f6378d73bbdea8424

PODFILE CHECKSUM: 975729a1846d8540a9231feb3a7ce0a28be344c3

COCOAPODS: 1.10.1
